
Microsoft Visual Studio Solution File, Format Version 12.00
# Visual Studio Version 16
VisualStudioVersion = 16.0.31005.135
MinimumVisualStudioVersion = 10.0.40219.1
Project("{FAE04EC0-301F-11D3-BF4B-00C04F79EFBC}") = "ConsoleApp1", "ConsoleApp1\ConsoleApp1.csproj", "{C096479E-6339-4C94-B033-FCC7CFA1AA84}"
EndProject
Global
	GlobalSection(SolutionConfigurationPlatforms) = preSolution
		Debug|Any CPU = Debug|Any CPU
		Release|Any CPU = Release|Any CPU
	EndGlobalSection
	GlobalSection(ProjectConfigurationPlatforms) = postSolution
		{C096479E-6339-4C94-B033-FCC7CFA1AA84}.Debug|Any CPU.ActiveCfg = Debug|Any CPU
		{C096479E-6339-4C94-B033-FCC7CFA1AA84}.Debug|Any CPU.Build.0 = Debug|Any CPU
		{C096479E-6339-4C94-B033-FCC7CFA1AA84}.Release|Any CPU.ActiveCfg = Release|Any CPU
		{C096479E-6339-4C94-B033-FCC7CFA1AA84}.Release|Any CPU.Build.0 = Release|Any CPU
	EndGlobalSection
	GlobalSection(SolutionProperties) = preSolution
		HideSolutionNode = FALSE
	EndGlobalSection
	GlobalSection(ExtensibilityGlobals) = postSolution
		SolutionGuid = {1EE10BAC-5F6B-44E3-B7BA-65ADD8C2FED4}
	EndGlobalSection
EndGlobal
